
Microsoft Visual Studio Solution File, Format Version 12.00
# Visual Studio Version 16
VisualStudioVersion = 16.0.31624.102
MinimumVisualStudioVersion = 10.0.40219.1
Project("{FAE04EC0-301F-11D3-BF4B-00C04F79EFBC}") = "IntroducaoDapper", "IntroducaoDapper\IntroducaoDapper.csproj", "{795A694D-378E-4F15-B5F5-A9AE652818C6}"
EndProject
Global
	GlobalSection(SolutionConfigurationPlatforms) = preSolution
		Debug|Any CPU = Debug|Any CPU
		Release|Any CPU = Release|Any CPU
	EndGlobalSection
	GlobalSection(ProjectConfigurationPlatforms) = postSolution
		{795A694D-378E-4F15-B5F5-A9AE652818C6}.Debug|Any CPU.ActiveCfg = Debug|Any CPU
		{795A694D-378E-4F15-B5F5-A9AE652818C6}.Debug|Any CPU.Build.0 = Debug|Any CPU
		{795A694D-378E-4F15-B5F5-A9AE652818C6}.Release|Any CPU.ActiveCfg = Release|Any CPU
		{795A694D-378E-4F15-B5F5-A9AE652818C6}.Release|Any CPU.Build.0 = Release|Any CPU
	EndGlobalSection
	GlobalSection(SolutionProperties) = preSolution
		HideSolutionNode = FALSE
	EndGlobalSection
	GlobalSection(ExtensibilityGlobals) = postSolution
		SolutionGuid = {5B656B45-D8AB-402F-8F90-178E97E02C8F}
	EndGlobalSection
EndGlobal
